
Microsoft Visual Studio Solution File, Format Version 12.00
# Visual Studio 14
VisualStudioVersion = 14.0.24720.0
MinimumVisualStudioVersion = 10.0.40219.1
Project("{2150E333-8FDC-42A3-9474-1A3956D46DE8}") = "1 - Apresentacao", "1 - Apresentacao", "{E4EC114E-CE00-488F-A714-A9046A9B4585}"
EndProject
Project("{2150E333-8FDC-42A3-9474-1A3956D46DE8}") = "4 - Infra", "4 - Infra", "{4C27FFC9-E839-42C4-9909-795E94012722}"
EndProject
Project("{2150E333-8FDC-42A3-9474-1A3956D46DE8}") = "4.1 - ServicoExterno", "4.1 - ServicoExterno", "{07EEDCE1-4D3A-4BED-A7D9-D313E81DD901}"
EndProject
Project("{2150E333-8FDC-42A3-9474-1A3956D46DE8}") = "4.2 - Ioc", "4.2 - Ioc", "{D517F863-E6C1-44D2-ABF0-3214DEEE20D0}"
EndProject
Project("{FAE04EC0-301F-11D3-BF4B-00C04F79EFBC}") = "BARBAROS.REPOSITORIO_EXTERNO", "BARBAROS.REPOSITORIO_EXTERNO\BARBAROS.REPOSITORIO_EXTERNO.csproj", "{C2BE2974-5E09-4238-9936-7D69351D2E74}"
EndProject
Project("{FAE04EC0-301F-11D3-BF4B-00C04F79EFBC}") = "BARBAROS.IOC", "BARBAROS.IOC\BARBAROS.IOC.csproj", "{A57B58E4-E8F0-42F1-A51F-3EF060E588D3}"
EndProject
Project("{2150E333-8FDC-42A3-9474-1A3956D46DE8}") = "2 - Aplicacao", "2 - Aplicacao", "{C6ABEC30-95B2-4EB1-BF1E-06B218542569}"
EndProject
Project("{FAE04EC0-301F-11D3-BF4B-00C04F79EFBC}") = "BARBAROS.APLICACAO", "BARBAROS.APLICACAO\BARBAROS.APLICACAO.csproj", "{4781FD39-2023-4F86-B320-BA9B8C184C68}"
EndProject
Project("{FAE04EC0-301F-11D3-BF4B-00C04F79EFBC}") = "BARBAROS.MVC", "BARBAROS.MVC\BARBAROS.MVC.csproj", "{497B25DE-D563-4986-84B8-A5D14C711B96}"
EndProject
Global
	GlobalSection(SolutionConfigurationPlatforms) = preSolution
		Debug|Any CPU = Debug|Any CPU
		Release|Any CPU = Release|Any CPU
	EndGlobalSection
	GlobalSection(ProjectConfigurationPlatforms) = postSolution
		{C2BE2974-5E09-4238-9936-7D69351D2E74}.Debug|Any CPU.ActiveCfg = Debug|Any CPU
		{C2BE2974-5E09-4238-9936-7D69351D2E74}.Debug|Any CPU.Build.0 = Debug|Any CPU
		{C2BE2974-5E09-4238-9936-7D69351D2E74}.Release|Any CPU.ActiveCfg = Release|Any CPU
		{C2BE2974-5E09-4238-9936-7D69351D2E74}.Release|Any CPU.Build.0 = Release|Any CPU
		{A57B58E4-E8F0-42F1-A51F-3EF060E588D3}.Debug|Any CPU.ActiveCfg = Debug|Any CPU
		{A57B58E4-E8F0-42F1-A51F-3EF060E588D3}.Debug|Any CPU.Build.0 = Debug|Any CPU
		{A57B58E4-E8F0-42F1-A51F-3EF060E588D3}.Release|Any CPU.ActiveCfg = Release|Any CPU
		{A57B58E4-E8F0-42F1-A51F-3EF060E588D3}.Release|Any CPU.Build.0 = Release|Any CPU
		{4781FD39-2023-4F86-B320-BA9B8C184C68}.Debug|Any CPU.ActiveCfg = Debug|Any CPU
		{4781FD39-2023-4F86-B320-BA9B8C184C68}.Debug|Any CPU.Build.0 = Debug|Any CPU
		{4781FD39-2023-4F86-B320-BA9B8C184C68}.Release|Any CPU.ActiveCfg = Release|Any CPU
		{4781FD39-2023-4F86-B320-BA9B8C184C68}.Release|Any CPU.Build.0 = Release|Any CPU
		{497B25DE-D563-4986-84B8-A5D14C711B96}.Debug|Any CPU.ActiveCfg = Debug|Any CPU
		{497B25DE-D563-4986-84B8-A5D14C711B96}.Debug|Any CPU.Build.0 = Debug|Any CPU
		{497B25DE-D563-4986-84B8-A5D14C711B96}.Release|Any CPU.ActiveCfg = Release|Any CPU
		{497B25DE-D563-4986-84B8-A5D14C711B96}.Release|Any CPU.Build.0 = Release|Any CPU
	EndGlobalSection
	GlobalSection(SolutionProperties) = preSolution
		HideSolutionNode = FALSE
	EndGlobalSection
	GlobalSection(NestedProjects) = preSolution
		{07EEDCE1-4D3A-4BED-A7D9-D313E81DD901} = {4C27FFC9-E839-42C4-9909-795E94012722}
		{D517F863-E6C1-44D2-ABF0-3214DEEE20D0} = {4C27FFC9-E839-42C4-9909-795E94012722}
		{C2BE2974-5E09-4238-9936-7D69351D2E74} = {07EEDCE1-4D3A-4BED-A7D9-D313E81DD901}
		{A57B58E4-E8F0-42F1-A51F-3EF060E588D3} = {D517F863-E6C1-44D2-ABF0-3214DEEE20D0}
		{4781FD39-2023-4F86-B320-BA9B8C184C68} = {C6ABEC30-95B2-4EB1-BF1E-06B218542569}
		{497B25DE-D563-4986-84B8-A5D14C711B96} = {E4EC114E-CE00-488F-A714-A9046A9B4585}
	EndGlobalSection
EndGlobal
